
Microsoft Visual Studio Solution File, Format Version 12.00
# Visual Studio Version 17
VisualStudioVersion = 17.9.34701.34
MinimumVisualStudioVersion = 10.0.40219.1
Project("{00D1A9C2-B5F0-4AF3-8072-F6C62B433612}") = "HotelAppDB", "HotelAppDB\HotelAppDB.sqlproj", "{DE4024BD-7D73-4C05-BB59-F956E4DC0E4B}"
EndProject
Project("{FAE04EC0-301F-11D3-BF4B-00C04F79EFBC}") = "HotelAppLibrary", "HotelAppLibrary\HotelAppLibrary.csproj", "{2A71EAF2-6C62-419D-9EEB-00C01080565C}"
EndProject
Global
	GlobalSection(SolutionConfigurationPlatforms) = preSolution
		Debug|Any CPU = Debug|Any CPU
		Release|Any CPU = Release|Any CPU
	EndGlobalSection
	GlobalSection(ProjectConfigurationPlatforms) = postSolution
		{DE4024BD-7D73-4C05-BB59-F956E4DC0E4B}.Debug|Any CPU.ActiveCfg = Debug|Any CPU
		{DE4024BD-7D73-4C05-BB59-F956E4DC0E4B}.Debug|Any CPU.Build.0 = Debug|Any CPU
		{DE4024BD-7D73-4C05-BB59-F956E4DC0E4B}.Debug|Any CPU.Deploy.0 = Debug|Any CPU
		{DE4024BD-7D73-4C05-BB59-F956E4DC0E4B}.Release|Any CPU.ActiveCfg = Release|Any CPU
		{DE4024BD-7D73-4C05-BB59-F956E4DC0E4B}.Release|Any CPU.Build.0 = Release|Any CPU
		{DE4024BD-7D73-4C05-BB59-F956E4DC0E4B}.Release|Any CPU.Deploy.0 = Release|Any CPU
		{2A71EAF2-6C62-419D-9EEB-00C01080565C}.Debug|Any CPU.ActiveCfg = Debug|Any CPU
		{2A71EAF2-6C62-419D-9EEB-00C01080565C}.Debug|Any CPU.Build.0 = Debug|Any CPU
		{2A71EAF2-6C62-419D-9EEB-00C01080565C}.Release|Any CPU.ActiveCfg = Release|Any CPU
		{2A71EAF2-6C62-419D-9EEB-00C01080565C}.Release|Any CPU.Build.0 = Release|Any CPU
	EndGlobalSection
	GlobalSection(SolutionProperties) = preSolution
		HideSolutionNode = FALSE
	EndGlobalSection
	GlobalSection(ExtensibilityGlobals) = postSolution
		SolutionGuid = {16C556A7-8983-4066-A545-E6F4C291A1E4}
	EndGlobalSection
EndGlobal
